
Microsoft Visual Studio Solution File, Format Version 12.00
# Visual Studio 2012
VisualStudioVersion = 12.0.30723.0
MinimumVisualStudioVersion = 10.0.40219.1
Project("{FAE04EC0-301F-11D3-BF4B-00C04F79EFBC}") = "KSPPartRemover", "KSPPartRemover\KSPPartRemover.csproj", "{50E890F7-94B7-41BD-BD76-6FE68E108161}"
EndProject
Project("{FAE04EC0-301F-11D3-BF4B-00C04F79EFBC}") = "KSPPartRemover.Tests", "KSPPartRemover.Tests\KSPPartRemover.Tests.csproj", "{4CB6362D-E384-411E-88C9-C9CD55D3EC68}"
EndProject
Global
	GlobalSection(SolutionConfigurationPlatforms) = preSolution
		Debug|Any CPU = Debug|Any CPU
		Release|Any CPU = Release|Any CPU
	EndGlobalSection
	GlobalSection(ProjectConfigurationPlatforms) = postSolution
		{4CB6362D-E384-411E-88C9-C9CD55D3EC68}.Debug|Any CPU.ActiveCfg = Debug|Any CPU
		{4CB6362D-E384-411E-88C9-C9CD55D3EC68}.Debug|Any CPU.Build.0 = Debug|Any CPU
		{4CB6362D-E384-411E-88C9-C9CD55D3EC68}.Release|Any CPU.ActiveCfg = Release|Any CPU
		{4CB6362D-E384-411E-88C9-C9CD55D3EC68}.Release|Any CPU.Build.0 = Release|Any CPU
		{50E890F7-94B7-41BD-BD76-6FE68E108161}.Debug|Any CPU.ActiveCfg = Debug|Any CPU
		{50E890F7-94B7-41BD-BD76-6FE68E108161}.Debug|Any CPU.Build.0 = Debug|Any CPU
		{50E890F7-94B7-41BD-BD76-6FE68E108161}.Release|Any CPU.ActiveCfg = Release|Any CPU
		{50E890F7-94B7-41BD-BD76-6FE68E108161}.Release|Any CPU.Build.0 = Release|Any CPU
	EndGlobalSection
	GlobalSection(MonoDevelopProperties) = preSolution
		Policies = $0
		$0.DotNetNamingPolicy = $1
		$1.DirectoryNamespaceAssociation = None
		$1.ResourceNamePolicy = FileFormatDefault
		description = Removes parts from Kerbal Space Program crafts
		version = 1.0
	EndGlobalSection
	GlobalSection(SolutionProperties) = preSolution
		HideSolutionNode = FALSE
	EndGlobalSection
EndGlobal
